
Microsoft Visual Studio Solution File, Format Version 12.00
# Visual Studio Version 17
VisualStudioVersion = 17.14.36221.1 d17.14
MinimumVisualStudioVersion = 10.0.40219.1
Project("{FAE04EC0-301F-11D3-BF4B-00C04F79EFBC}") = "CapitalGains.Cli", "CapitalGains.Cli\CapitalGains.Cli.csproj", "{4DE7A45B-E527-40FD-A3D3-F3AE26FAFD01}"
EndProject
Project("{FAE04EC0-301F-11D3-BF4B-00C04F79EFBC}") = "CapitalGains.Domain", "CapitalGains.Domain\CapitalGains.Domain.csproj", "{6DD3D0F3-32C1-4673-B612-15CF52795C75}"
EndProject
Project("{FAE04EC0-301F-11D3-BF4B-00C04F79EFBC}") = "CapitalGains.App", "CapitalGains.App\CapitalGains.App.csproj", "{C0EEEC5E-A6F3-410F-91E8-91F59E501AE3}"
EndProject
Project("{FAE04EC0-301F-11D3-BF4B-00C04F79EFBC}") = "CapitalGains.Tests", "CapitalGains.Tests\CapitalGains.Tests.csproj", "{DB0629F8-38A8-41FA-B8CE-D8470F512E09}"
EndProject
Project("{2150E333-8FDC-42A3-9474-1A3956D46DE8}") = "Itens de Solução", "Itens de Solução", "{380A7511-A354-6D7A-0CC0-8FA1F1BA7B6C}"
	ProjectSection(SolutionItems) = preProject
		README.md = README.md
	EndProjectSection
EndProject
Global
	GlobalSection(SolutionConfigurationPlatforms) = preSolution
		Debug|Any CPU = Debug|Any CPU
		Release|Any CPU = Release|Any CPU
	EndGlobalSection
	GlobalSection(ProjectConfigurationPlatforms) = postSolution
		{4DE7A45B-E527-40FD-A3D3-F3AE26FAFD01}.Debug|Any CPU.ActiveCfg = Debug|Any CPU
		{4DE7A45B-E527-40FD-A3D3-F3AE26FAFD01}.Debug|Any CPU.Build.0 = Debug|Any CPU
		{4DE7A45B-E527-40FD-A3D3-F3AE26FAFD01}.Release|Any CPU.ActiveCfg = Release|Any CPU
		{4DE7A45B-E527-40FD-A3D3-F3AE26FAFD01}.Release|Any CPU.Build.0 = Release|Any CPU
		{6DD3D0F3-32C1-4673-B612-15CF52795C75}.Debug|Any CPU.ActiveCfg = Debug|Any CPU
		{6DD3D0F3-32C1-4673-B612-15CF52795C75}.Debug|Any CPU.Build.0 = Debug|Any CPU
		{6DD3D0F3-32C1-4673-B612-15CF52795C75}.Release|Any CPU.ActiveCfg = Release|Any CPU
		{6DD3D0F3-32C1-4673-B612-15CF52795C75}.Release|Any CPU.Build.0 = Release|Any CPU
		{C0EEEC5E-A6F3-410F-91E8-91F59E501AE3}.Debug|Any CPU.ActiveCfg = Debug|Any CPU
		{C0EEEC5E-A6F3-410F-91E8-91F59E501AE3}.Debug|Any CPU.Build.0 = Debug|Any CPU
		{C0EEEC5E-A6F3-410F-91E8-91F59E501AE3}.Release|Any CPU.ActiveCfg = Release|Any CPU
		{C0EEEC5E-A6F3-410F-91E8-91F59E501AE3}.Release|Any CPU.Build.0 = Release|Any CPU
		{DB0629F8-38A8-41FA-B8CE-D8470F512E09}.Debug|Any CPU.ActiveCfg = Debug|Any CPU
		{DB0629F8-38A8-41FA-B8CE-D8470F512E09}.Debug|Any CPU.Build.0 = Debug|Any CPU
		{DB0629F8-38A8-41FA-B8CE-D8470F512E09}.Release|Any CPU.ActiveCfg = Release|Any CPU
		{DB0629F8-38A8-41FA-B8CE-D8470F512E09}.Release|Any CPU.Build.0 = Release|Any CPU
	EndGlobalSection
	GlobalSection(SolutionProperties) = preSolution
		HideSolutionNode = FALSE
	EndGlobalSection
	GlobalSection(ExtensibilityGlobals) = postSolution
		SolutionGuid = {73E0E85E-D3F9-49D1-A4FF-E5D4B941529F}
	EndGlobalSection
EndGlobal
